
Microsoft Visual Studio Solution File, Format Version 12.00
# Visual Studio 15
VisualStudioVersion = 15.0.26430.12
MinimumVisualStudioVersion = 10.0.40219.1
Project("{2150E333-8FDC-42A3-9474-1A3956D46DE8}") = "02. fejezet", "02. fejezet", "{7CAF45AC-9F81-42D1-9454-DE363E3B24F9}"
EndProject
Project("{FAE04EC0-301F-11D3-BF4B-00C04F79EFBC}") = "pelda_hello_world", "pelda_hello_world\pelda_hello_world.csproj", "{0EBC299C-E7C8-4524-9D9F-CAD785FA152E}"
EndProject
Project("{FAE04EC0-301F-11D3-BF4B-00C04F79EFBC}") = "pelda_valtozok", "pelda_valtozok\pelda_valtozok.csproj", "{0837D672-BA85-413C-8758-41B8F8BA580A}"
EndProject
Project("{FAE04EC0-301F-11D3-BF4B-00C04F79EFBC}") = "pelda_operatorok", "pelda_operatorok\pelda_operatorok.csproj", "{5F04C5F9-4AC2-4F11-A325-EA1697BF4329}"
EndProject
Project("{2150E333-8FDC-42A3-9474-1A3956D46DE8}") = "03. fejezet", "03. fejezet", "{CCAFDDB1-0BD6-46EE-B9A1-A384D0FC003F}"
EndProject
Project("{FAE04EC0-301F-11D3-BF4B-00C04F79EFBC}") = "pelda_statkonv", "pelda_statkonv\pelda_statkonv.csproj", "{2559A5F8-3C9F-4DC0-B5F9-536D10032E79}"
EndProject
Project("{FAE04EC0-301F-11D3-BF4B-00C04F79EFBC}") = "pelda_string_format", "Pelda_string_format\pelda_string_format.csproj", "{5BA027F7-3CCA-4B94-B299-3A65DE45E891}"
EndProject
Project("{FAE04EC0-301F-11D3-BF4B-00C04F79EFBC}") = "pelda_string_numformat", "pelda_string_numformat\pelda_string_numformat.csproj", "{CD2B6170-0AB4-464D-A9CC-E4723F7713AF}"
EndProject
Project("{FAE04EC0-301F-11D3-BF4B-00C04F79EFBC}") = "pelda_string_datumido", "pelda_string_datumido\pelda_string_datumido.csproj", "{70578716-49ED-4690-8C28-F2324B323ED2}"
EndProject
Project("{FAE04EC0-301F-11D3-BF4B-00C04F79EFBC}") = "pelda_string_egyedi", "pelda_string_egyedi\pelda_string_egyedi.csproj", "{2850D031-1F92-40A0-B63D-25969670CA06}"
EndProject
Project("{2150E333-8FDC-42A3-9474-1A3956D46DE8}") = "04. fejezet", "04. fejezet", "{DA07CBB8-854A-418C-B83B-23844873F66B}"
EndProject
Project("{FAE04EC0-301F-11D3-BF4B-00C04F79EFBC}") = "pelda_break_continue", "pelda_break_continue\pelda_break_continue.csproj", "{AA8446CE-3D5F-4554-BACB-99777AAF491A}"
EndProject
Project("{FAE04EC0-301F-11D3-BF4B-00C04F79EFBC}") = "pelda_dowhile", "pelda_dowhile\pelda_dowhile.csproj", "{4C197071-6B0D-47FF-BED2-F9C4FBC1AFB6}"
EndProject
Project("{FAE04EC0-301F-11D3-BF4B-00C04F79EFBC}") = "pelda_for", "pelda_for\pelda_for.csproj", "{1A5F03F6-3A2F-44AE-9099-063B0170E808}"
EndProject
Project("{FAE04EC0-301F-11D3-BF4B-00C04F79EFBC}") = "pelda_foreach", "pelda_foreach\pelda_foreach.csproj", "{E399FE2E-46E6-4999-92EE-BE74690CA5DB}"
EndProject
Project("{FAE04EC0-301F-11D3-BF4B-00C04F79EFBC}") = "pelda_futasidejuhiba", "pelda_futasidejuhiba\pelda_futasidejuhiba.csproj", "{C0F3A7B0-D381-411C-84C0-A1E9D0CB0A39}"
EndProject
Project("{FAE04EC0-301F-11D3-BF4B-00C04F79EFBC}") = "pelda_goto", "pelda_goto\pelda_goto.csproj", "{618C2958-DF16-4A87-9856-36670DDEA24E}"
EndProject
Project("{FAE04EC0-301F-11D3-BF4B-00C04F79EFBC}") = "pelda_goto_ciklus", "pelda_goto_ciklus\pelda_goto_ciklus.csproj", "{F77CE76B-72B6-4381-A198-1A0294E2FE99}"
EndProject
Project("{FAE04EC0-301F-11D3-BF4B-00C04F79EFBC}") = "pelda_if", "pelda_if\pelda_if.csproj", "{19C17FD5-B01E-40F7-AB27-8B3F3673E497}"
EndProject
Project("{FAE04EC0-301F-11D3-BF4B-00C04F79EFBC}") = "pelda_ifelse_sok", "pelda_ifelse_sok\pelda_ifelse_sok.csproj", "{0749215D-1DCA-438A-B6D8-1F50B5C77E21}"
EndProject
Project("{FAE04EC0-301F-11D3-BF4B-00C04F79EFBC}") = "pelda_kivetelkezeles2", "pelda_kivetelkezeles2\pelda_kivetelkezeles2.csproj", "{2259879D-E0CC-488B-80C8-1BFDC33E9D1E}"
EndProject
Project("{FAE04EC0-301F-11D3-BF4B-00C04F79EFBC}") = "pelda_futasidejuhiba2", "pelda_kivetelkezelt\pelda_futasidejuhiba2.csproj", "{35108B63-10D8-45D2-81A6-DE423BAB2A73}"
EndProject
Project("{FAE04EC0-301F-11D3-BF4B-00C04F79EFBC}") = "pelda_switch_case", "pelda_switch_case\pelda_switch_case.csproj", "{1D7EEC2E-A260-4A49-B9C0-7F5CE887936A}"
EndProject
Project("{FAE04EC0-301F-11D3-BF4B-00C04F79EFBC}") = "pelda_unchecked_checked", "pelda_unchecked_checked\pelda_unchecked_checked.csproj", "{C924079C-E160-4FE3-8D0E-0F2D81186017}"
EndProject
Project("{FAE04EC0-301F-11D3-BF4B-00C04F79EFBC}") = "pelda_while", "pelda_while\pelda_while.csproj", "{1B567E4D-FDA4-49A9-A155-895505E7E6D0}"
EndProject
Project("{FAE04EC0-301F-11D3-BF4B-00C04F79EFBC}") = "pelda_while2", "pelda_while2\pelda_while2.csproj", "{5039C314-5D36-4D49-8AE6-5067D97DCC6A}"
EndProject
Project("{2150E333-8FDC-42A3-9474-1A3956D46DE8}") = "05. fejezet", "05. fejezet", "{458DF963-E38C-4013-B0E8-8933F21B894B}"
EndProject
Project("{FAE04EC0-301F-11D3-BF4B-00C04F79EFBC}") = "pelda_osztaly", "pelda_osztaly\pelda_osztaly.csproj", "{C18D84CA-16F4-4A20-BAB3-B6B0D6C481CC}"
EndProject
Project("{FAE04EC0-301F-11D3-BF4B-00C04F79EFBC}") = "pelda_konstruktorok", "pelda_konstruktorok\pelda_konstruktorok.csproj", "{30880F0C-80AF-4C99-9984-0CAD44FB0D40}"
EndProject
Project("{FAE04EC0-301F-11D3-BF4B-00C04F79EFBC}") = "pelda_metodusok", "pelda_metodusok\pelda_metodusok.csproj", "{08ED7304-410C-4BAB-A4C7-DC7B789E8AFF}"
EndProject
Project("{FAE04EC0-301F-11D3-BF4B-00C04F79EFBC}") = "pelda_getset_metodus", "pelda_getset_metodus\pelda_getset_metodus.csproj", "{27FE197F-C1D0-4BE6-881E-FBE0222F356C}"
EndProject
Project("{FAE04EC0-301F-11D3-BF4B-00C04F79EFBC}") = "pelda_property", "pelda_property\pelda_property.csproj", "{98421E16-87C4-4E19-886B-0FB3900C4962}"
EndProject
Project("{FAE04EC0-301F-11D3-BF4B-00C04F79EFBC}") = "pelda_static_konstruktor", "pelda_static_konstruktor\pelda_static_konstruktor.csproj", "{F5A9E83D-BC15-42C0-B7C9-65F6D2F029A1}"
EndProject
Project("{FAE04EC0-301F-11D3-BF4B-00C04F79EFBC}") = "pelda_atadas", "pelda_atadas\pelda_atadas.csproj", "{544E4093-15F7-4C59-B6B4-D3D542F9F8EC}"
EndProject
Project("{FAE04EC0-301F-11D3-BF4B-00C04F79EFBC}") = "pelda_konstruktorok2", "pelda_konstruktorok2\pelda_konstruktorok2.csproj", "{A8C4C68B-B6BE-4636-A0F9-E4B5A5F169CD}"
EndProject
Project("{FAE04EC0-301F-11D3-BF4B-00C04F79EFBC}") = "pelda_referenciaatadas", "pelda_referenciaatadas\pelda_referenciaatadas.csproj", "{555155DB-244A-4978-9491-F0D16A13C6DB}"
EndProject
Project("{FAE04EC0-301F-11D3-BF4B-00C04F79EFBC}") = "pelda_reszleges_metodus", "pelda_reszleges_metodus\pelda_reszleges_metodus.csproj", "{229532B2-52C1-4C13-BE43-3CA7CD6D9189}"
EndProject
Project("{FAE04EC0-301F-11D3-BF4B-00C04F79EFBC}") = "pelda_struktura", "pelda_struktura\pelda_struktura.csproj", "{6B361BC8-C961-4337-83B4-5D68FCA12D07}"
EndProject
Project("{FAE04EC0-301F-11D3-BF4B-00C04F79EFBC}") = "pelda_out", "pelda_out\pelda_out.csproj", "{B2E97541-401D-4FB8-BDCE-95A436AC845E}"
EndProject
Project("{FAE04EC0-301F-11D3-BF4B-00C04F79EFBC}") = "pelda_is", "pelda_is\pelda_is.csproj", "{488CEC52-99EA-41F2-BD07-123012600174}"
EndProject
Project("{FAE04EC0-301F-11D3-BF4B-00C04F79EFBC}") = "pelda_boxing-as", "pelda_boxing-as\pelda_boxing-as.csproj", "{1C8320A7-D209-41F8-BFCD-AD9CCF284256}"
EndProject
Project("{2150E333-8FDC-42A3-9474-1A3956D46DE8}") = "99. programok", "99. programok", "{CF535809-988E-4A1B-8460-7543E2F290C9}"
EndProject
Project("{FAE04EC0-301F-11D3-BF4B-00C04F79EFBC}") = "Szamologep", "program_Szamologep\Szamologep.csproj", "{01CD65D6-A371-4DCE-B732-8683F76D9EB1}"
EndProject
Project("{2150E333-8FDC-42A3-9474-1A3956D46DE8}") = "07. fejezet", "07. fejezet", "{3AB672B9-1FDE-40B1-AE3B-CE5A6FC71569}"
EndProject
Project("{FAE04EC0-301F-11D3-BF4B-00C04F79EFBC}") = "pelda_tomb", "pelda_tomb\pelda_tomb.csproj", "{0898E969-9447-4C32-8195-02E92AE6D33D}"
EndProject
Project("{FAE04EC0-301F-11D3-BF4B-00C04F79EFBC}") = "pelda_argumentumok", "pelda_argumentumok\pelda_argumentumok.csproj", "{5038F608-9C1B-4291-A493-4626D687E07B}"
EndProject
Project("{FAE04EC0-301F-11D3-BF4B-00C04F79EFBC}") = "pelda_math", "pelda_math\pelda_math.csproj", "{5659A2E7-A510-475D-A79F-4DA5168FF9E7}"
EndProject
Project("{FAE04EC0-301F-11D3-BF4B-00C04F79EFBC}") = "pelda_tomb_peldanyositasa", "pelda_tomb_peldanyositasa\pelda_tomb_peldanyositasa.csproj", "{6787770B-636A-414C-AE4D-E0CACCF11D71}"
EndProject
Project("{FAE04EC0-301F-11D3-BF4B-00C04F79EFBC}") = "pelda_2dtomb", "pelda_2dtomb\pelda_2dtomb.csproj", "{168861B6-488E-4ECD-B279-897AD1FB2EB8}"
EndProject
Project("{FAE04EC0-301F-11D3-BF4B-00C04F79EFBC}") = "pelda_2djagged", "pelda_2djagged\pelda_2djagged.csproj", "{29EF8228-BD00-4656-99E9-2A21BFE73CCE}"
EndProject
Project("{FAE04EC0-301F-11D3-BF4B-00C04F79EFBC}") = "pelda_objectmetodusok", "pelda_objectmetodusok\pelda_objectmetodusok.csproj", "{F4931B34-C3F2-4780-8637-B5D29F0A2468}"
EndProject
Project("{2150E333-8FDC-42A3-9474-1A3956D46DE8}") = "06. fejezet", "06. fejezet", "{A064376C-B293-4824-8D23-96FE5166434B}"
EndProject
Project("{FAE04EC0-301F-11D3-BF4B-00C04F79EFBC}") = "pelda_oroklodes", "pelda_oroklodes\pelda_oroklodes.csproj", "{848A0A46-2B08-423C-847E-2B71191D8EA3}"
EndProject
Project("{FAE04EC0-301F-11D3-BF4B-00C04F79EFBC}") = "pelda_felulet", "pelda_felulet\pelda_felulet.csproj", "{381D5D36-8BC0-4456-9DCB-7F61C253453F}"
EndProject
Project("{FAE04EC0-301F-11D3-BF4B-00C04F79EFBC}") = "pelda_felulet2", "pelda_felulet2\pelda_felulet2.csproj", "{0AA29BBC-9C4F-4C53-8E4D-B7860B328009}"
EndProject
Project("{FAE04EC0-301F-11D3-BF4B-00C04F79EFBC}") = "pelda_destruktor", "pelda_destruktor\pelda_destruktor.csproj", "{21B388CB-1CF5-4D3A-8327-7C00ABD86A11}"
EndProject
Project("{FAE04EC0-301F-11D3-BF4B-00C04F79EFBC}") = "pelda_unsafe", "pelda_unsafe\pelda_unsafe.csproj", "{C8F31A89-32F9-4021-92DB-F1DCDC358F79}"
EndProject
Project("{FAE04EC0-301F-11D3-BF4B-00C04F79EFBC}") = "pelda_disposable", "pelda_disposable\pelda_disposable.csproj", "{44B46DDD-6044-4070-9874-BA7AC4086A71}"
EndProject
Project("{FAE04EC0-301F-11D3-BF4B-00C04F79EFBC}") = "pelda_disposable2", "pelda_disposable2\pelda_disposable2.csproj", "{FAFC92C8-73FF-47CA-B434-9BD57DAF90CD}"
EndProject
Project("{FAE04EC0-301F-11D3-BF4B-00C04F79EFBC}") = "pelda_disposable3", "pelda_disposable3\pelda_disposable3.csproj", "{D19F9942-6204-487C-BE02-BA5B410B27A9}"
EndProject
Project("{FAE04EC0-301F-11D3-BF4B-00C04F79EFBC}") = "pelda_generikus", "pelda_generikus\pelda_generikus.csproj", "{4F3FE991-DB61-47BC-8199-2B376902A1F7}"
EndProject
Project("{FAE04EC0-301F-11D3-BF4B-00C04F79EFBC}") = "pelda_enum", "pelda_enum\pelda_enum.csproj", "{33F34475-1579-42F4-9F24-A662DD37208C}"
EndProject
Project("{FAE04EC0-301F-11D3-BF4B-00C04F79EFBC}") = "pelda_ienumerable", "pelda_ienumerable\pelda_ienumerable.csproj", "{EB66C68A-346D-49B6-8377-3F54AFAE7177}"
EndProject
Project("{FAE04EC0-301F-11D3-BF4B-00C04F79EFBC}") = "pelda_ienumerable_jobb", "pelda_ienumerable_jobb\pelda_ienumerable_jobb.csproj", "{6ADBD38B-1968-43EE-84DF-85BD817822A2}"
EndProject
Project("{FAE04EC0-301F-11D3-BF4B-00C04F79EFBC}") = "pelda_yield", "pelda_yield\pelda_yield.csproj", "{6D1B5BC1-D806-4745-BE64-B0D5E008DEA6}"
EndProject
Project("{FAE04EC0-301F-11D3-BF4B-00C04F79EFBC}") = "pelda_lancolt", "pelda_lancolt.cs\pelda_lancolt.csproj", "{B7F2778A-F0D2-4B57-BF0D-C40594F2BE55}"
EndProject
Project("{FAE04EC0-301F-11D3-BF4B-00C04F79EFBC}") = "pelda_list", "pelda_list\pelda_list.csproj", "{5F1C3B92-675F-4FA9-BBB2-42E6ED8C12FB}"
EndProject
Project("{FAE04EC0-301F-11D3-BF4B-00C04F79EFBC}") = "pelda_lokalizalas", "pelda_lokalizalas\pelda_lokalizalas.csproj", "{BEA4A975-38E0-4EDE-84D6-49180D1F3A30}"
EndProject
Project("{FAE04EC0-301F-11D3-BF4B-00C04F79EFBC}") = "pelda_stack", "pelda_stack\pelda_stack.csproj", "{06880B32-BC99-45F0-BCBD-6858DAA2805D}"
EndProject
Project("{FAE04EC0-301F-11D3-BF4B-00C04F79EFBC}") = "pelda_sor", "pelda_sor\pelda_sor.csproj", "{FD0A63BD-2554-45D9-B781-6BF585543974}"
EndProject
Project("{FAE04EC0-301F-11D3-BF4B-00C04F79EFBC}") = "pelda_hashset", "pelda_hashset\pelda_hashset.csproj", "{8F80228B-34EF-4BB8-A007-F0D4FCF2C332}"
EndProject
Project("{FAE04EC0-301F-11D3-BF4B-00C04F79EFBC}") = "pelda_dictionary", "pelda_dictionary\pelda_dictionary.csproj", "{38C5FD5E-FD0F-49A9-97BD-0AF00ABAA07D}"
EndProject
Project("{2150E333-8FDC-42A3-9474-1A3956D46DE8}") = "09. fejezet", "09. fejezet", "{98BC10F5-85FF-4A3A-B978-0E0B7E4383A6}"
EndProject
Project("{FAE04EC0-301F-11D3-BF4B-00C04F79EFBC}") = "pelda_opatedef", "pelda_opatedef\pelda_opatedef.csproj", "{DD91FD5E-88DB-43F7-AC6E-5794E416B6D1}"
EndProject
Project("{FAE04EC0-301F-11D3-BF4B-00C04F79EFBC}") = "pelda_indexer", "pelda_indexer\pelda_indexer.csproj", "{7751B3AD-2472-4811-AC2E-E3E5C4FCC56B}"
EndProject
Project("{2150E333-8FDC-42A3-9474-1A3956D46DE8}") = "10. fejezet", "10. fejezet", "{7314D35C-FD9B-4DDD-B807-B5E5F9F3F5A2}"
EndProject
Project("{FAE04EC0-301F-11D3-BF4B-00C04F79EFBC}") = "pelda_elofeldolgozo", "pelda_elofeldolgozo\pelda_elofeldolgozo.csproj", "{6898E127-EF59-4B28-8CC4-E126FA6AB2EA}"
EndProject
Project("{2150E333-8FDC-42A3-9474-1A3956D46DE8}") = "11. fejezet", "11. fejezet", "{5CD165D8-285E-4DCE-B351-8018C23A2FAB}"
EndProject
Project("{FAE04EC0-301F-11D3-BF4B-00C04F79EFBC}") = "pelda_meghajtok", "pelda_meghajtok\pelda_meghajtok.csproj", "{410AA173-5609-4782-BAA5-77C8B30C2C1C}"
EndProject
Project("{FAE04EC0-301F-11D3-BF4B-00C04F79EFBC}") = "pelda_konyvtarlista", "pelda_konyvtarlista\pelda_konyvtarlista.csproj", "{2CEDDD54-F280-48BE-A19D-973AE11AD034}"
EndProject
Project("{FAE04EC0-301F-11D3-BF4B-00C04F79EFBC}") = "pelda_rekurzivmetodus", "pelda_rekurzivmetodus\pelda_rekurzivmetodus.csproj", "{436FAA7E-9A12-4CCA-9EE4-7AE8BE7B511D}"
EndProject
Project("{2150E333-8FDC-42A3-9474-1A3956D46DE8}") = "08. fejezet", "08. fejezet", "{33B6AC20-FD8B-44AA-9ADA-94DBC8874CD6}"
EndProject
Project("{FAE04EC0-301F-11D3-BF4B-00C04F79EFBC}") = "pelda_algoritmusok", "pelda_algoritmusok\pelda_algoritmusok.csproj", "{81F8218B-6CEE-4BD5-BBDB-97BBA756ABB2}"
EndProject
Project("{FAE04EC0-301F-11D3-BF4B-00C04F79EFBC}") = "pelda_null_kezeles", "pelda_null_kezeles1\pelda_null_kezeles.csproj", "{50B6E956-4C70-41F5-BDFB-0DFDFC6C7CAD}"
EndProject
Project("{FAE04EC0-301F-11D3-BF4B-00C04F79EFBC}") = "pelda_if_shortcircuit", "pelda_if_shortcircuit\pelda_if_shortcircuit.csproj", "{09FDCEB3-C309-4142-B8EA-22E6F72EFBD6}"
EndProject
Project("{FAE04EC0-301F-11D3-BF4B-00C04F79EFBC}") = "pelda_unsafe2", "pelda_unsafe2.cs\pelda_unsafe2.csproj", "{77B3BA43-3B4B-4C78-A518-405104FEC6A6}"
EndProject
Project("{FAE04EC0-301F-11D3-BF4B-00C04F79EFBC}") = "pelda_unsafe3", "pelda_unsafe3.cs\pelda_unsafe3.csproj", "{4DE5E643-83E4-4A47-84E0-ADAED970325B}"
EndProject
Project("{FAE04EC0-301F-11D3-BF4B-00C04F79EFBC}") = "pelda_alapertelmezettertek", "pelda_alapertelmezettertek\pelda_alapertelmezettertek.csproj", "{37DF13E3-8634-4CC2-9DA6-5CCF2DCE5E3E}"
EndProject
Project("{FAE04EC0-301F-11D3-BF4B-00C04F79EFBC}") = "pelda_valtozoargumentumok", "pelda_valtozoargumentumok\pelda_valtozoargumentumok.csproj", "{F0E7607F-D080-4D70-8A3D-5F25E36E0223}"
EndProject
Project("{FAE04EC0-301F-11D3-BF4B-00C04F79EFBC}") = "pelda_string", "pelda_string\pelda_string.csproj", "{019F6B81-D20F-4AC5-A866-E84663594488}"
EndProject
Global
	GlobalSection(SolutionConfigurationPlatforms) = preSolution
		Debug|Any CPU = Debug|Any CPU
		Release|Any CPU = Release|Any CPU
	EndGlobalSection
	GlobalSection(ProjectConfigurationPlatforms) = postSolution
		{0EBC299C-E7C8-4524-9D9F-CAD785FA152E}.Debug|Any CPU.ActiveCfg = Debug|Any CPU
		{0EBC299C-E7C8-4524-9D9F-CAD785FA152E}.Debug|Any CPU.Build.0 = Debug|Any CPU
		{0EBC299C-E7C8-4524-9D9F-CAD785FA152E}.Release|Any CPU.ActiveCfg = Release|Any CPU
		{0EBC299C-E7C8-4524-9D9F-CAD785FA152E}.Release|Any CPU.Build.0 = Release|Any CPU
		{0837D672-BA85-413C-8758-41B8F8BA580A}.Debug|Any CPU.ActiveCfg = Debug|Any CPU
		{0837D672-BA85-413C-8758-41B8F8BA580A}.Debug|Any CPU.Build.0 = Debug|Any CPU
		{0837D672-BA85-413C-8758-41B8F8BA580A}.Release|Any CPU.ActiveCfg = Release|Any CPU
		{0837D672-BA85-413C-8758-41B8F8BA580A}.Release|Any CPU.Build.0 = Release|Any CPU
		{5F04C5F9-4AC2-4F11-A325-EA1697BF4329}.Debug|Any CPU.ActiveCfg = Debug|Any CPU
		{5F04C5F9-4AC2-4F11-A325-EA1697BF4329}.Debug|Any CPU.Build.0 = Debug|Any CPU
		{5F04C5F9-4AC2-4F11-A325-EA1697BF4329}.Release|Any CPU.ActiveCfg = Release|Any CPU
		{5F04C5F9-4AC2-4F11-A325-EA1697BF4329}.Release|Any CPU.Build.0 = Release|Any CPU
		{2559A5F8-3C9F-4DC0-B5F9-536D10032E79}.Debug|Any CPU.ActiveCfg = Debug|Any CPU
		{2559A5F8-3C9F-4DC0-B5F9-536D10032E79}.Debug|Any CPU.Build.0 = Debug|Any CPU
		{2559A5F8-3C9F-4DC0-B5F9-536D10032E79}.Release|Any CPU.ActiveCfg = Release|Any CPU
		{2559A5F8-3C9F-4DC0-B5F9-536D10032E79}.Release|Any CPU.Build.0 = Release|Any CPU
		{5BA027F7-3CCA-4B94-B299-3A65DE45E891}.Debug|Any CPU.ActiveCfg = Debug|Any CPU
		{5BA027F7-3CCA-4B94-B299-3A65DE45E891}.Debug|Any CPU.Build.0 = Debug|Any CPU
		{5BA027F7-3CCA-4B94-B299-3A65DE45E891}.Release|Any CPU.ActiveCfg = Release|Any CPU
		{5BA027F7-3CCA-4B94-B299-3A65DE45E891}.Release|Any CPU.Build.0 = Release|Any CPU
		{CD2B6170-0AB4-464D-A9CC-E4723F7713AF}.Debug|Any CPU.ActiveCfg = Debug|Any CPU
		{CD2B6170-0AB4-464D-A9CC-E4723F7713AF}.Debug|Any CPU.Build.0 = Debug|Any CPU
		{CD2B6170-0AB4-464D-A9CC-E4723F7713AF}.Release|Any CPU.ActiveCfg = Release|Any CPU
		{CD2B6170-0AB4-464D-A9CC-E4723F7713AF}.Release|Any CPU.Build.0 = Release|Any CPU
		{70578716-49ED-4690-8C28-F2324B323ED2}.Debug|Any CPU.ActiveCfg = Debug|Any CPU
		{70578716-49ED-4690-8C28-F2324B323ED2}.Debug|Any CPU.Build.0 = Debug|Any CPU
		{70578716-49ED-4690-8C28-F2324B323ED2}.Release|Any CPU.ActiveCfg = Release|Any CPU
		{70578716-49ED-4690-8C28-F2324B323ED2}.Release|Any CPU.Build.0 = Release|Any CPU
		{2850D031-1F92-40A0-B63D-25969670CA06}.Debug|Any CPU.ActiveCfg = Debug|Any CPU
		{2850D031-1F92-40A0-B63D-25969670CA06}.Debug|Any CPU.Build.0 = Debug|Any CPU
		{2850D031-1F92-40A0-B63D-25969670CA06}.Release|Any CPU.ActiveCfg = Release|Any CPU
		{2850D031-1F92-40A0-B63D-25969670CA06}.Release|Any CPU.Build.0 = Release|Any CPU
		{AA8446CE-3D5F-4554-BACB-99777AAF491A}.Debug|Any CPU.ActiveCfg = Debug|Any CPU
		{AA8446CE-3D5F-4554-BACB-99777AAF491A}.Debug|Any CPU.Build.0 = Debug|Any CPU
		{AA8446CE-3D5F-4554-BACB-99777AAF491A}.Release|Any CPU.ActiveCfg = Release|Any CPU
		{AA8446CE-3D5F-4554-BACB-99777AAF491A}.Release|Any CPU.Build.0 = Release|Any CPU
		{4C197071-6B0D-47FF-BED2-F9C4FBC1AFB6}.Debug|Any CPU.ActiveCfg = Debug|Any CPU
		{4C197071-6B0D-47FF-BED2-F9C4FBC1AFB6}.Debug|Any CPU.Build.0 = Debug|Any CPU
		{4C197071-6B0D-47FF-BED2-F9C4FBC1AFB6}.Release|Any CPU.ActiveCfg = Release|Any CPU
		{4C197071-6B0D-47FF-BED2-F9C4FBC1AFB6}.Release|Any CPU.Build.0 = Release|Any CPU
		{1A5F03F6-3A2F-44AE-9099-063B0170E808}.Debug|Any CPU.ActiveCfg = Debug|Any CPU
		{1A5F03F6-3A2F-44AE-9099-063B0170E808}.Debug|Any CPU.Build.0 = Debug|Any CPU
		{1A5F03F6-3A2F-44AE-9099-063B0170E808}.Release|Any CPU.ActiveCfg = Release|Any CPU
		{1A5F03F6-3A2F-44AE-9099-063B0170E808}.Release|Any CPU.Build.0 = Release|Any CPU
		{E399FE2E-46E6-4999-92EE-BE74690CA5DB}.Debug|Any CPU.ActiveCfg = Debug|Any CPU
		{E399FE2E-46E6-4999-92EE-BE74690CA5DB}.Debug|Any CPU.Build.0 = Debug|Any CPU
		{E399FE2E-46E6-4999-92EE-BE74690CA5DB}.Release|Any CPU.ActiveCfg = Release|Any CPU
		{E399FE2E-46E6-4999-92EE-BE74690CA5DB}.Release|Any CPU.Build.0 = Release|Any CPU
		{C0F3A7B0-D381-411C-84C0-A1E9D0CB0A39}.Debug|Any CPU.ActiveCfg = Debug|Any CPU
		{C0F3A7B0-D381-411C-84C0-A1E9D0CB0A39}.Debug|Any CPU.Build.0 = Debug|Any CPU
		{C0F3A7B0-D381-411C-84C0-A1E9D0CB0A39}.Release|Any CPU.ActiveCfg = Release|Any CPU
		{C0F3A7B0-D381-411C-84C0-A1E9D0CB0A39}.Release|Any CPU.Build.0 = Release|Any CPU
		{618C2958-DF16-4A87-9856-36670DDEA24E}.Debug|Any CPU.ActiveCfg = Debug|Any CPU
		{618C2958-DF16-4A87-9856-36670DDEA24E}.Debug|Any CPU.Build.0 = Debug|Any CPU
		{618C2958-DF16-4A87-9856-36670DDEA24E}.Release|Any CPU.ActiveCfg = Release|Any CPU
		{618C2958-DF16-4A87-9856-36670DDEA24E}.Release|Any CPU.Build.0 = Release|Any CPU
		{F77CE76B-72B6-4381-A198-1A0294E2FE99}.Debug|Any CPU.ActiveCfg = Debug|Any CPU
		{F77CE76B-72B6-4381-A198-1A0294E2FE99}.Debug|Any CPU.Build.0 = Debug|Any CPU
		{F77CE76B-72B6-4381-A198-1A0294E2FE99}.Release|Any CPU.ActiveCfg = Release|Any CPU
		{F77CE76B-72B6-4381-A198-1A0294E2FE99}.Release|Any CPU.Build.0 = Release|Any CPU
		{19C17FD5-B01E-40F7-AB27-8B3F3673E497}.Debug|Any CPU.ActiveCfg = Debug|Any CPU
		{19C17FD5-B01E-40F7-AB27-8B3F3673E497}.Debug|Any CPU.Build.0 = Debug|Any CPU
		{19C17FD5-B01E-40F7-AB27-8B3F3673E497}.Release|Any CPU.ActiveCfg = Release|Any CPU
		{19C17FD5-B01E-40F7-AB27-8B3F3673E497}.Release|Any CPU.Build.0 = Release|Any CPU
		{0749215D-1DCA-438A-B6D8-1F50B5C77E21}.Debug|Any CPU.ActiveCfg = Debug|Any CPU
		{0749215D-1DCA-438A-B6D8-1F50B5C77E21}.Debug|Any CPU.Build.0 = Debug|Any CPU
		{0749215D-1DCA-438A-B6D8-1F50B5C77E21}.Release|Any CPU.ActiveCfg = Release|Any CPU
		{0749215D-1DCA-438A-B6D8-1F50B5C77E21}.Release|Any CPU.Build.0 = Release|Any CPU
		{2259879D-E0CC-488B-80C8-1BFDC33E9D1E}.Debug|Any CPU.ActiveCfg = Debug|Any CPU
		{2259879D-E0CC-488B-80C8-1BFDC33E9D1E}.Debug|Any CPU.Build.0 = Debug|Any CPU
		{2259879D-E0CC-488B-80C8-1BFDC33E9D1E}.Release|Any CPU.ActiveCfg = Release|Any CPU
		{2259879D-E0CC-488B-80C8-1BFDC33E9D1E}.Release|Any CPU.Build.0 = Release|Any CPU
		{35108B63-10D8-45D2-81A6-DE423BAB2A73}.Debug|Any CPU.ActiveCfg = Debug|Any CPU
		{35108B63-10D8-45D2-81A6-DE423BAB2A73}.Debug|Any CPU.Build.0 = Debug|Any CPU
		{35108B63-10D8-45D2-81A6-DE423BAB2A73}.Release|Any CPU.ActiveCfg = Release|Any CPU
		{35108B63-10D8-45D2-81A6-DE423BAB2A73}.Release|Any CPU.Build.0 = Release|Any CPU
		{1D7EEC2E-A260-4A49-B9C0-7F5CE887936A}.Debug|Any CPU.ActiveCfg = Debug|Any CPU
		{1D7EEC2E-A260-4A49-B9C0-7F5CE887936A}.Debug|Any CPU.Build.0 = Debug|Any CPU
		{1D7EEC2E-A260-4A49-B9C0-7F5CE887936A}.Release|Any CPU.ActiveCfg = Release|Any CPU
		{1D7EEC2E-A260-4A49-B9C0-7F5CE887936A}.Release|Any CPU.Build.0 = Release|Any CPU
		{C924079C-E160-4FE3-8D0E-0F2D81186017}.Debug|Any CPU.ActiveCfg = Debug|Any CPU
		{C924079C-E160-4FE3-8D0E-0F2D81186017}.Debug|Any CPU.Build.0 = Debug|Any CPU
		{C924079C-E160-4FE3-8D0E-0F2D81186017}.Release|Any CPU.ActiveCfg = Release|Any CPU
		{C924079C-E160-4FE3-8D0E-0F2D81186017}.Release|Any CPU.Build.0 = Release|Any CPU
		{1B567E4D-FDA4-49A9-A155-895505E7E6D0}.Debug|Any CPU.ActiveCfg = Debug|Any CPU
		{1B567E4D-FDA4-49A9-A155-895505E7E6D0}.Debug|Any CPU.Build.0 = Debug|Any CPU
		{1B567E4D-FDA4-49A9-A155-895505E7E6D0}.Release|Any CPU.ActiveCfg = Release|Any CPU
		{1B567E4D-FDA4-49A9-A155-895505E7E6D0}.Release|Any CPU.Build.0 = Release|Any CPU
		{5039C314-5D36-4D49-8AE6-5067D97DCC6A}.Debug|Any CPU.ActiveCfg = Debug|Any CPU
		{5039C314-5D36-4D49-8AE6-5067D97DCC6A}.Debug|Any CPU.Build.0 = Debug|Any CPU
		{5039C314-5D36-4D49-8AE6-5067D97DCC6A}.Release|Any CPU.ActiveCfg = Release|Any CPU
		{5039C314-5D36-4D49-8AE6-5067D97DCC6A}.Release|Any CPU.Build.0 = Release|Any CPU
		{C18D84CA-16F4-4A20-BAB3-B6B0D6C481CC}.Debug|Any CPU.ActiveCfg = Debug|Any CPU
		{C18D84CA-16F4-4A20-BAB3-B6B0D6C481CC}.Debug|Any CPU.Build.0 = Debug|Any CPU
		{C18D84CA-16F4-4A20-BAB3-B6B0D6C481CC}.Release|Any CPU.ActiveCfg = Release|Any CPU
		{C18D84CA-16F4-4A20-BAB3-B6B0D6C481CC}.Release|Any CPU.Build.0 = Release|Any CPU
		{30880F0C-80AF-4C99-9984-0CAD44FB0D40}.Debug|Any CPU.ActiveCfg = Debug|Any CPU
		{30880F0C-80AF-4C99-9984-0CAD44FB0D40}.Debug|Any CPU.Build.0 = Debug|Any CPU
		{30880F0C-80AF-4C99-9984-0CAD44FB0D40}.Release|Any CPU.ActiveCfg = Release|Any CPU
		{30880F0C-80AF-4C99-9984-0CAD44FB0D40}.Release|Any CPU.Build.0 = Release|Any CPU
		{08ED7304-410C-4BAB-A4C7-DC7B789E8AFF}.Debug|Any CPU.ActiveCfg = Debug|Any CPU
		{08ED7304-410C-4BAB-A4C7-DC7B789E8AFF}.Debug|Any CPU.Build.0 = Debug|Any CPU
		{08ED7304-410C-4BAB-A4C7-DC7B789E8AFF}.Release|Any CPU.ActiveCfg = Release|Any CPU
		{08ED7304-410C-4BAB-A4C7-DC7B789E8AFF}.Release|Any CPU.Build.0 = Release|Any CPU
		{27FE197F-C1D0-4BE6-881E-FBE0222F356C}.Debug|Any CPU.ActiveCfg = Debug|Any CPU
		{27FE197F-C1D0-4BE6-881E-FBE0222F356C}.Debug|Any CPU.Build.0 = Debug|Any CPU
		{27FE197F-C1D0-4BE6-881E-FBE0222F356C}.Release|Any CPU.ActiveCfg = Release|Any CPU
		{27FE197F-C1D0-4BE6-881E-FBE0222F356C}.Release|Any CPU.Build.0 = Release|Any CPU
		{98421E16-87C4-4E19-886B-0FB3900C4962}.Debug|Any CPU.ActiveCfg = Debug|Any CPU
		{98421E16-87C4-4E19-886B-0FB3900C4962}.Debug|Any CPU.Build.0 = Debug|Any CPU
		{98421E16-87C4-4E19-886B-0FB3900C4962}.Release|Any CPU.ActiveCfg = Release|Any CPU
		{98421E16-87C4-4E19-886B-0FB3900C4962}.Release|Any CPU.Build.0 = Release|Any CPU
		{F5A9E83D-BC15-42C0-B7C9-65F6D2F029A1}.Debug|Any CPU.ActiveCfg = Debug|Any CPU
		{F5A9E83D-BC15-42C0-B7C9-65F6D2F029A1}.Debug|Any CPU.Build.0 = Debug|Any CPU
		{F5A9E83D-BC15-42C0-B7C9-65F6D2F029A1}.Release|Any CPU.ActiveCfg = Release|Any CPU
		{F5A9E83D-BC15-42C0-B7C9-65F6D2F029A1}.Release|Any CPU.Build.0 = Release|Any CPU
		{544E4093-15F7-4C59-B6B4-D3D542F9F8EC}.Debug|Any CPU.ActiveCfg = Debug|Any CPU
		{544E4093-15F7-4C59-B6B4-D3D542F9F8EC}.Debug|Any CPU.Build.0 = Debug|Any CPU
		{544E4093-15F7-4C59-B6B4-D3D542F9F8EC}.Release|Any CPU.ActiveCfg = Release|Any CPU
		{544E4093-15F7-4C59-B6B4-D3D542F9F8EC}.Release|Any CPU.Build.0 = Release|Any CPU
		{A8C4C68B-B6BE-4636-A0F9-E4B5A5F169CD}.Debug|Any CPU.ActiveCfg = Debug|Any CPU
		{A8C4C68B-B6BE-4636-A0F9-E4B5A5F169CD}.Debug|Any CPU.Build.0 = Debug|Any CPU
		{A8C4C68B-B6BE-4636-A0F9-E4B5A5F169CD}.Release|Any CPU.ActiveCfg = Release|Any CPU
		{A8C4C68B-B6BE-4636-A0F9-E4B5A5F169CD}.Release|Any CPU.Build.0 = Release|Any CPU
		{555155DB-244A-4978-9491-F0D16A13C6DB}.Debug|Any CPU.ActiveCfg = Debug|Any CPU
		{555155DB-244A-4978-9491-F0D16A13C6DB}.Debug|Any CPU.Build.0 = Debug|Any CPU
		{555155DB-244A-4978-9491-F0D16A13C6DB}.Release|Any CPU.ActiveCfg = Release|Any CPU
		{555155DB-244A-4978-9491-F0D16A13C6DB}.Release|Any CPU.Build.0 = Release|Any CPU
		{229532B2-52C1-4C13-BE43-3CA7CD6D9189}.Debug|Any CPU.ActiveCfg = Debug|Any CPU
		{229532B2-52C1-4C13-BE43-3CA7CD6D9189}.Debug|Any CPU.Build.0 = Debug|Any CPU
		{229532B2-52C1-4C13-BE43-3CA7CD6D9189}.Release|Any CPU.ActiveCfg = Release|Any CPU
		{229532B2-52C1-4C13-BE43-3CA7CD6D9189}.Release|Any CPU.Build.0 = Release|Any CPU
		{6B361BC8-C961-4337-83B4-5D68FCA12D07}.Debug|Any CPU.ActiveCfg = Debug|Any CPU
		{6B361BC8-C961-4337-83B4-5D68FCA12D07}.Debug|Any CPU.Build.0 = Debug|Any CPU
		{6B361BC8-C961-4337-83B4-5D68FCA12D07}.Release|Any CPU.ActiveCfg = Release|Any CPU
		{6B361BC8-C961-4337-83B4-5D68FCA12D07}.Release|Any CPU.Build.0 = Release|Any CPU
		{B2E97541-401D-4FB8-BDCE-95A436AC845E}.Debug|Any CPU.ActiveCfg = Debug|Any CPU
		{B2E97541-401D-4FB8-BDCE-95A436AC845E}.Debug|Any CPU.Build.0 = Debug|Any CPU
		{B2E97541-401D-4FB8-BDCE-95A436AC845E}.Release|Any CPU.ActiveCfg = Release|Any CPU
		{B2E97541-401D-4FB8-BDCE-95A436AC845E}.Release|Any CPU.Build.0 = Release|Any CPU
		{488CEC52-99EA-41F2-BD07-123012600174}.Debug|Any CPU.ActiveCfg = Debug|Any CPU
		{488CEC52-99EA-41F2-BD07-123012600174}.Debug|Any CPU.Build.0 = Debug|Any CPU
		{488CEC52-99EA-41F2-BD07-123012600174}.Release|Any CPU.ActiveCfg = Release|Any CPU
		{488CEC52-99EA-41F2-BD07-123012600174}.Release|Any CPU.Build.0 = Release|Any CPU
		{1C8320A7-D209-41F8-BFCD-AD9CCF284256}.Debug|Any CPU.ActiveCfg = Debug|Any CPU
		{1C8320A7-D209-41F8-BFCD-AD9CCF284256}.Debug|Any CPU.Build.0 = Debug|Any CPU
		{1C8320A7-D209-41F8-BFCD-AD9CCF284256}.Release|Any CPU.ActiveCfg = Release|Any CPU
		{1C8320A7-D209-41F8-BFCD-AD9CCF284256}.Release|Any CPU.Build.0 = Release|Any CPU
		{01CD65D6-A371-4DCE-B732-8683F76D9EB1}.Debug|Any CPU.ActiveCfg = Debug|Any CPU
		{01CD65D6-A371-4DCE-B732-8683F76D9EB1}.Debug|Any CPU.Build.0 = Debug|Any CPU
		{01CD65D6-A371-4DCE-B732-8683F76D9EB1}.Release|Any CPU.ActiveCfg = Release|Any CPU
		{01CD65D6-A371-4DCE-B732-8683F76D9EB1}.Release|Any CPU.Build.0 = Release|Any CPU
		{0898E969-9447-4C32-8195-02E92AE6D33D}.Debug|Any CPU.ActiveCfg = Debug|Any CPU
		{0898E969-9447-4C32-8195-02E92AE6D33D}.Debug|Any CPU.Build.0 = Debug|Any CPU
		{0898E969-9447-4C32-8195-02E92AE6D33D}.Release|Any CPU.ActiveCfg = Release|Any CPU
		{0898E969-9447-4C32-8195-02E92AE6D33D}.Release|Any CPU.Build.0 = Release|Any CPU
		{5038F608-9C1B-4291-A493-4626D687E07B}.Debug|Any CPU.ActiveCfg = Debug|Any CPU
		{5038F608-9C1B-4291-A493-4626D687E07B}.Debug|Any CPU.Build.0 = Debug|Any CPU
		{5038F608-9C1B-4291-A493-4626D687E07B}.Release|Any CPU.ActiveCfg = Release|Any CPU
		{5038F608-9C1B-4291-A493-4626D687E07B}.Release|Any CPU.Build.0 = Release|Any CPU
		{5659A2E7-A510-475D-A79F-4DA5168FF9E7}.Debug|Any CPU.ActiveCfg = Debug|Any CPU
		{5659A2E7-A510-475D-A79F-4DA5168FF9E7}.Debug|Any CPU.Build.0 = Debug|Any CPU
		{5659A2E7-A510-475D-A79F-4DA5168FF9E7}.Release|Any CPU.ActiveCfg = Release|Any CPU
		{5659A2E7-A510-475D-A79F-4DA5168FF9E7}.Release|Any CPU.Build.0 = Release|Any CPU
		{6787770B-636A-414C-AE4D-E0CACCF11D71}.Debug|Any CPU.ActiveCfg = Debug|Any CPU
		{6787770B-636A-414C-AE4D-E0CACCF11D71}.Debug|Any CPU.Build.0 = Debug|Any CPU
		{6787770B-636A-414C-AE4D-E0CACCF11D71}.Release|Any CPU.ActiveCfg = Release|Any CPU
		{6787770B-636A-414C-AE4D-E0CACCF11D71}.Release|Any CPU.Build.0 = Release|Any CPU
		{168861B6-488E-4ECD-B279-897AD1FB2EB8}.Debug|Any CPU.ActiveCfg = Debug|Any CPU
		{168861B6-488E-4ECD-B279-897AD1FB2EB8}.Debug|Any CPU.Build.0 = Debug|Any CPU
		{168861B6-488E-4ECD-B279-897AD1FB2EB8}.Release|Any CPU.ActiveCfg = Release|Any CPU
		{168861B6-488E-4ECD-B279-897AD1FB2EB8}.Release|Any CPU.Build.0 = Release|Any CPU
		{29EF8228-BD00-4656-99E9-2A21BFE73CCE}.Debug|Any CPU.ActiveCfg = Debug|Any CPU
		{29EF8228-BD00-4656-99E9-2A21BFE73CCE}.Debug|Any CPU.Build.0 = Debug|Any CPU
		{29EF8228-BD00-4656-99E9-2A21BFE73CCE}.Release|Any CPU.ActiveCfg = Release|Any CPU
		{29EF8228-BD00-4656-99E9-2A21BFE73CCE}.Release|Any CPU.Build.0 = Release|Any CPU
		{F4931B34-C3F2-4780-8637-B5D29F0A2468}.Debug|Any CPU.ActiveCfg = Debug|Any CPU
		{F4931B34-C3F2-4780-8637-B5D29F0A2468}.Debug|Any CPU.Build.0 = Debug|Any CPU
		{F4931B34-C3F2-4780-8637-B5D29F0A2468}.Release|Any CPU.ActiveCfg = Release|Any CPU
		{F4931B34-C3F2-4780-8637-B5D29F0A2468}.Release|Any CPU.Build.0 = Release|Any CPU
		{848A0A46-2B08-423C-847E-2B71191D8EA3}.Debug|Any CPU.ActiveCfg = Debug|Any CPU
		{848A0A46-2B08-423C-847E-2B71191D8EA3}.Debug|Any CPU.Build.0 = Debug|Any CPU
		{848A0A46-2B08-423C-847E-2B71191D8EA3}.Release|Any CPU.ActiveCfg = Release|Any CPU
		{848A0A46-2B08-423C-847E-2B71191D8EA3}.Release|Any CPU.Build.0 = Release|Any CPU
		{381D5D36-8BC0-4456-9DCB-7F61C253453F}.Debug|Any CPU.ActiveCfg = Debug|Any CPU
		{381D5D36-8BC0-4456-9DCB-7F61C253453F}.Debug|Any CPU.Build.0 = Debug|Any CPU
		{381D5D36-8BC0-4456-9DCB-7F61C253453F}.Release|Any CPU.ActiveCfg = Release|Any CPU
		{381D5D36-8BC0-4456-9DCB-7F61C253453F}.Release|Any CPU.Build.0 = Release|Any CPU
		{0AA29BBC-9C4F-4C53-8E4D-B7860B328009}.Debug|Any CPU.ActiveCfg = Debug|Any CPU
		{0AA29BBC-9C4F-4C53-8E4D-B7860B328009}.Debug|Any CPU.Build.0 = Debug|Any CPU
		{0AA29BBC-9C4F-4C53-8E4D-B7860B328009}.Release|Any CPU.ActiveCfg = Release|Any CPU
		{0AA29BBC-9C4F-4C53-8E4D-B7860B328009}.Release|Any CPU.Build.0 = Release|Any CPU
		{21B388CB-1CF5-4D3A-8327-7C00ABD86A11}.Debug|Any CPU.ActiveCfg = Debug|Any CPU
		{21B388CB-1CF5-4D3A-8327-7C00ABD86A11}.Debug|Any CPU.Build.0 = Debug|Any CPU
		{21B388CB-1CF5-4D3A-8327-7C00ABD86A11}.Release|Any CPU.ActiveCfg = Release|Any CPU
		{21B388CB-1CF5-4D3A-8327-7C00ABD86A11}.Release|Any CPU.Build.0 = Release|Any CPU
		{C8F31A89-32F9-4021-92DB-F1DCDC358F79}.Debug|Any CPU.ActiveCfg = Debug|Any CPU
		{C8F31A89-32F9-4021-92DB-F1DCDC358F79}.Debug|Any CPU.Build.0 = Debug|Any CPU
		{C8F31A89-32F9-4021-92DB-F1DCDC358F79}.Release|Any CPU.ActiveCfg = Release|Any CPU
		{C8F31A89-32F9-4021-92DB-F1DCDC358F79}.Release|Any CPU.Build.0 = Release|Any CPU
		{44B46DDD-6044-4070-9874-BA7AC4086A71}.Debug|Any CPU.ActiveCfg = Debug|Any CPU
		{44B46DDD-6044-4070-9874-BA7AC4086A71}.Debug|Any CPU.Build.0 = Debug|Any CPU
		{44B46DDD-6044-4070-9874-BA7AC4086A71}.Release|Any CPU.ActiveCfg = Release|Any CPU
		{44B46DDD-6044-4070-9874-BA7AC4086A71}.Release|Any CPU.Build.0 = Release|Any CPU
		{FAFC92C8-73FF-47CA-B434-9BD57DAF90CD}.Debug|Any CPU.ActiveCfg = Debug|Any CPU
		{FAFC92C8-73FF-47CA-B434-9BD57DAF90CD}.Debug|Any CPU.Build.0 = Debug|Any CPU
		{FAFC92C8-73FF-47CA-B434-9BD57DAF90CD}.Release|Any CPU.ActiveCfg = Release|Any CPU
		{FAFC92C8-73FF-47CA-B434-9BD57DAF90CD}.Release|Any CPU.Build.0 = Release|Any CPU
		{D19F9942-6204-487C-BE02-BA5B410B27A9}.Debug|Any CPU.ActiveCfg = Debug|Any CPU
		{D19F9942-6204-487C-BE02-BA5B410B27A9}.Debug|Any CPU.Build.0 = Debug|Any CPU
		{D19F9942-6204-487C-BE02-BA5B410B27A9}.Release|Any CPU.ActiveCfg = Release|Any CPU
		{D19F9942-6204-487C-BE02-BA5B410B27A9}.Release|Any CPU.Build.0 = Release|Any CPU
		{4F3FE991-DB61-47BC-8199-2B376902A1F7}.Debug|Any CPU.ActiveCfg = Debug|Any CPU
		{4F3FE991-DB61-47BC-8199-2B376902A1F7}.Debug|Any CPU.Build.0 = Debug|Any CPU
		{4F3FE991-DB61-47BC-8199-2B376902A1F7}.Release|Any CPU.ActiveCfg = Release|Any CPU
		{4F3FE991-DB61-47BC-8199-2B376902A1F7}.Release|Any CPU.Build.0 = Release|Any CPU
		{33F34475-1579-42F4-9F24-A662DD37208C}.Debug|Any CPU.ActiveCfg = Debug|Any CPU
		{33F34475-1579-42F4-9F24-A662DD37208C}.Debug|Any CPU.Build.0 = Debug|Any CPU
		{33F34475-1579-42F4-9F24-A662DD37208C}.Release|Any CPU.ActiveCfg = Release|Any CPU
		{33F34475-1579-42F4-9F24-A662DD37208C}.Release|Any CPU.Build.0 = Release|Any CPU
		{EB66C68A-346D-49B6-8377-3F54AFAE7177}.Debug|Any CPU.ActiveCfg = Debug|Any CPU
		{EB66C68A-346D-49B6-8377-3F54AFAE7177}.Debug|Any CPU.Build.0 = Debug|Any CPU
		{EB66C68A-346D-49B6-8377-3F54AFAE7177}.Release|Any CPU.ActiveCfg = Release|Any CPU
		{EB66C68A-346D-49B6-8377-3F54AFAE7177}.Release|Any CPU.Build.0 = Release|Any CPU
		{6ADBD38B-1968-43EE-84DF-85BD817822A2}.Debug|Any CPU.ActiveCfg = Debug|Any CPU
		{6ADBD38B-1968-43EE-84DF-85BD817822A2}.Debug|Any CPU.Build.0 = Debug|Any CPU
		{6ADBD38B-1968-43EE-84DF-85BD817822A2}.Release|Any CPU.ActiveCfg = Release|Any CPU
		{6ADBD38B-1968-43EE-84DF-85BD817822A2}.Release|Any CPU.Build.0 = Release|Any CPU
		{6D1B5BC1-D806-4745-BE64-B0D5E008DEA6}.Debug|Any CPU.ActiveCfg = Debug|Any CPU
		{6D1B5BC1-D806-4745-BE64-B0D5E008DEA6}.Debug|Any CPU.Build.0 = Debug|Any CPU
		{6D1B5BC1-D806-4745-BE64-B0D5E008DEA6}.Release|Any CPU.ActiveCfg = Release|Any CPU
		{6D1B5BC1-D806-4745-BE64-B0D5E008DEA6}.Release|Any CPU.Build.0 = Release|Any CPU
		{B7F2778A-F0D2-4B57-BF0D-C40594F2BE55}.Debug|Any CPU.ActiveCfg = Debug|Any CPU
		{B7F2778A-F0D2-4B57-BF0D-C40594F2BE55}.Debug|Any CPU.Build.0 = Debug|Any CPU
		{B7F2778A-F0D2-4B57-BF0D-C40594F2BE55}.Release|Any CPU.ActiveCfg = Release|Any CPU
		{B7F2778A-F0D2-4B57-BF0D-C40594F2BE55}.Release|Any CPU.Build.0 = Release|Any CPU
		{5F1C3B92-675F-4FA9-BBB2-42E6ED8C12FB}.Debug|Any CPU.ActiveCfg = Debug|Any CPU
		{5F1C3B92-675F-4FA9-BBB2-42E6ED8C12FB}.Debug|Any CPU.Build.0 = Debug|Any CPU
		{5F1C3B92-675F-4FA9-BBB2-42E6ED8C12FB}.Release|Any CPU.ActiveCfg = Release|Any CPU
		{5F1C3B92-675F-4FA9-BBB2-42E6ED8C12FB}.Release|Any CPU.Build.0 = Release|Any CPU
		{BEA4A975-38E0-4EDE-84D6-49180D1F3A30}.Debug|Any CPU.ActiveCfg = Debug|Any CPU
		{BEA4A975-38E0-4EDE-84D6-49180D1F3A30}.Debug|Any CPU.Build.0 = Debug|Any CPU
		{BEA4A975-38E0-4EDE-84D6-49180D1F3A30}.Release|Any CPU.ActiveCfg = Release|Any CPU
		{BEA4A975-38E0-4EDE-84D6-49180D1F3A30}.Release|Any CPU.Build.0 = Release|Any CPU
		{06880B32-BC99-45F0-BCBD-6858DAA2805D}.Debug|Any CPU.ActiveCfg = Debug|Any CPU
		{06880B32-BC99-45F0-BCBD-6858DAA2805D}.Debug|Any CPU.Build.0 = Debug|Any CPU
		{06880B32-BC99-45F0-BCBD-6858DAA2805D}.Release|Any CPU.ActiveCfg = Release|Any CPU
		{06880B32-BC99-45F0-BCBD-6858DAA2805D}.Release|Any CPU.Build.0 = Release|Any CPU
		{FD0A63BD-2554-45D9-B781-6BF585543974}.Debug|Any CPU.ActiveCfg = Debug|Any CPU
		{FD0A63BD-2554-45D9-B781-6BF585543974}.Debug|Any CPU.Build.0 = Debug|Any CPU
		{FD0A63BD-2554-45D9-B781-6BF585543974}.Release|Any CPU.ActiveCfg = Release|Any CPU
		{FD0A63BD-2554-45D9-B781-6BF585543974}.Release|Any CPU.Build.0 = Release|Any CPU
		{8F80228B-34EF-4BB8-A007-F0D4FCF2C332}.Debug|Any CPU.ActiveCfg = Debug|Any CPU
		{8F80228B-34EF-4BB8-A007-F0D4FCF2C332}.Debug|Any CPU.Build.0 = Debug|Any CPU
		{8F80228B-34EF-4BB8-A007-F0D4FCF2C332}.Release|Any CPU.ActiveCfg = Release|Any CPU
		{8F80228B-34EF-4BB8-A007-F0D4FCF2C332}.Release|Any CPU.Build.0 = Release|Any CPU
		{38C5FD5E-FD0F-49A9-97BD-0AF00ABAA07D}.Debug|Any CPU.ActiveCfg = Debug|Any CPU
		{38C5FD5E-FD0F-49A9-97BD-0AF00ABAA07D}.Debug|Any CPU.Build.0 = Debug|Any CPU
		{38C5FD5E-FD0F-49A9-97BD-0AF00ABAA07D}.Release|Any CPU.ActiveCfg = Release|Any CPU
		{38C5FD5E-FD0F-49A9-97BD-0AF00ABAA07D}.Release|Any CPU.Build.0 = Release|Any CPU
		{DD91FD5E-88DB-43F7-AC6E-5794E416B6D1}.Debug|Any CPU.ActiveCfg = Debug|Any CPU
		{DD91FD5E-88DB-43F7-AC6E-5794E416B6D1}.Debug|Any CPU.Build.0 = Debug|Any CPU
		{DD91FD5E-88DB-43F7-AC6E-5794E416B6D1}.Release|Any CPU.ActiveCfg = Release|Any CPU
		{DD91FD5E-88DB-43F7-AC6E-5794E416B6D1}.Release|Any CPU.Build.0 = Release|Any CPU
		{7751B3AD-2472-4811-AC2E-E3E5C4FCC56B}.Debug|Any CPU.ActiveCfg = Debug|Any CPU
		{7751B3AD-2472-4811-AC2E-E3E5C4FCC56B}.Debug|Any CPU.Build.0 = Debug|Any CPU
		{7751B3AD-2472-4811-AC2E-E3E5C4FCC56B}.Release|Any CPU.ActiveCfg = Release|Any CPU
		{7751B3AD-2472-4811-AC2E-E3E5C4FCC56B}.Release|Any CPU.Build.0 = Release|Any CPU
		{6898E127-EF59-4B28-8CC4-E126FA6AB2EA}.Debug|Any CPU.ActiveCfg = Debug|Any CPU
		{6898E127-EF59-4B28-8CC4-E126FA6AB2EA}.Debug|Any CPU.Build.0 = Debug|Any CPU
		{6898E127-EF59-4B28-8CC4-E126FA6AB2EA}.Release|Any CPU.ActiveCfg = Release|Any CPU
		{6898E127-EF59-4B28-8CC4-E126FA6AB2EA}.Release|Any CPU.Build.0 = Release|Any CPU
		{410AA173-5609-4782-BAA5-77C8B30C2C1C}.Debug|Any CPU.ActiveCfg = Debug|Any CPU
		{410AA173-5609-4782-BAA5-77C8B30C2C1C}.Debug|Any CPU.Build.0 = Debug|Any CPU
		{410AA173-5609-4782-BAA5-77C8B30C2C1C}.Release|Any CPU.ActiveCfg = Release|Any CPU
		{410AA173-5609-4782-BAA5-77C8B30C2C1C}.Release|Any CPU.Build.0 = Release|Any CPU
		{2CEDDD54-F280-48BE-A19D-973AE11AD034}.Debug|Any CPU.ActiveCfg = Debug|Any CPU
		{2CEDDD54-F280-48BE-A19D-973AE11AD034}.Debug|Any CPU.Build.0 = Debug|Any CPU
		{2CEDDD54-F280-48BE-A19D-973AE11AD034}.Release|Any CPU.ActiveCfg = Release|Any CPU
		{2CEDDD54-F280-48BE-A19D-973AE11AD034}.Release|Any CPU.Build.0 = Release|Any CPU
		{436FAA7E-9A12-4CCA-9EE4-7AE8BE7B511D}.Debug|Any CPU.ActiveCfg = Debug|Any CPU
		{436FAA7E-9A12-4CCA-9EE4-7AE8BE7B511D}.Debug|Any CPU.Build.0 = Debug|Any CPU
		{436FAA7E-9A12-4CCA-9EE4-7AE8BE7B511D}.Release|Any CPU.ActiveCfg = Release|Any CPU
		{436FAA7E-9A12-4CCA-9EE4-7AE8BE7B511D}.Release|Any CPU.Build.0 = Release|Any CPU
		{81F8218B-6CEE-4BD5-BBDB-97BBA756ABB2}.Debug|Any CPU.ActiveCfg = Debug|Any CPU
		{81F8218B-6CEE-4BD5-BBDB-97BBA756ABB2}.Debug|Any CPU.Build.0 = Debug|Any CPU
		{81F8218B-6CEE-4BD5-BBDB-97BBA756ABB2}.Release|Any CPU.ActiveCfg = Release|Any CPU
		{81F8218B-6CEE-4BD5-BBDB-97BBA756ABB2}.Release|Any CPU.Build.0 = Release|Any CPU
		{50B6E956-4C70-41F5-BDFB-0DFDFC6C7CAD}.Debug|Any CPU.ActiveCfg = Debug|Any CPU
		{50B6E956-4C70-41F5-BDFB-0DFDFC6C7CAD}.Debug|Any CPU.Build.0 = Debug|Any CPU
		{50B6E956-4C70-41F5-BDFB-0DFDFC6C7CAD}.Release|Any CPU.ActiveCfg = Release|Any CPU
		{50B6E956-4C70-41F5-BDFB-0DFDFC6C7CAD}.Release|Any CPU.Build.0 = Release|Any CPU
		{09FDCEB3-C309-4142-B8EA-22E6F72EFBD6}.Debug|Any CPU.ActiveCfg = Debug|Any CPU
		{09FDCEB3-C309-4142-B8EA-22E6F72EFBD6}.Debug|Any CPU.Build.0 = Debug|Any CPU
		{09FDCEB3-C309-4142-B8EA-22E6F72EFBD6}.Release|Any CPU.ActiveCfg = Release|Any CPU
		{09FDCEB3-C309-4142-B8EA-22E6F72EFBD6}.Release|Any CPU.Build.0 = Release|Any CPU
		{77B3BA43-3B4B-4C78-A518-405104FEC6A6}.Debug|Any CPU.ActiveCfg = Debug|Any CPU
		{77B3BA43-3B4B-4C78-A518-405104FEC6A6}.Debug|Any CPU.Build.0 = Debug|Any CPU
		{77B3BA43-3B4B-4C78-A518-405104FEC6A6}.Release|Any CPU.ActiveCfg = Release|Any CPU
		{77B3BA43-3B4B-4C78-A518-405104FEC6A6}.Release|Any CPU.Build.0 = Release|Any CPU
		{4DE5E643-83E4-4A47-84E0-ADAED970325B}.Debug|Any CPU.ActiveCfg = Debug|Any CPU
		{4DE5E643-83E4-4A47-84E0-ADAED970325B}.Debug|Any CPU.Build.0 = Debug|Any CPU
		{4DE5E643-83E4-4A47-84E0-ADAED970325B}.Release|Any CPU.ActiveCfg = Release|Any CPU
		{4DE5E643-83E4-4A47-84E0-ADAED970325B}.Release|Any CPU.Build.0 = Release|Any CPU
		{37DF13E3-8634-4CC2-9DA6-5CCF2DCE5E3E}.Debug|Any CPU.ActiveCfg = Debug|Any CPU
		{37DF13E3-8634-4CC2-9DA6-5CCF2DCE5E3E}.Debug|Any CPU.Build.0 = Debug|Any CPU
		{37DF13E3-8634-4CC2-9DA6-5CCF2DCE5E3E}.Release|Any CPU.ActiveCfg = Release|Any CPU
		{37DF13E3-8634-4CC2-9DA6-5CCF2DCE5E3E}.Release|Any CPU.Build.0 = Release|Any CPU
		{F0E7607F-D080-4D70-8A3D-5F25E36E0223}.Debug|Any CPU.ActiveCfg = Debug|Any CPU
		{F0E7607F-D080-4D70-8A3D-5F25E36E0223}.Debug|Any CPU.Build.0 = Debug|Any CPU
		{F0E7607F-D080-4D70-8A3D-5F25E36E0223}.Release|Any CPU.ActiveCfg = Release|Any CPU
		{F0E7607F-D080-4D70-8A3D-5F25E36E0223}.Release|Any CPU.Build.0 = Release|Any CPU
		{019F6B81-D20F-4AC5-A866-E84663594488}.Debug|Any CPU.ActiveCfg = Debug|Any CPU
		{019F6B81-D20F-4AC5-A866-E84663594488}.Debug|Any CPU.Build.0 = Debug|Any CPU
		{019F6B81-D20F-4AC5-A866-E84663594488}.Release|Any CPU.ActiveCfg = Release|Any CPU
		{019F6B81-D20F-4AC5-A866-E84663594488}.Release|Any CPU.Build.0 = Release|Any CPU
	EndGlobalSection
	GlobalSection(SolutionProperties) = preSolution
		HideSolutionNode = FALSE
	EndGlobalSection
	GlobalSection(NestedProjects) = preSolution
		{0EBC299C-E7C8-4524-9D9F-CAD785FA152E} = {7CAF45AC-9F81-42D1-9454-DE363E3B24F9}
		{0837D672-BA85-413C-8758-41B8F8BA580A} = {7CAF45AC-9F81-42D1-9454-DE363E3B24F9}
		{5F04C5F9-4AC2-4F11-A325-EA1697BF4329} = {7CAF45AC-9F81-42D1-9454-DE363E3B24F9}
		{2559A5F8-3C9F-4DC0-B5F9-536D10032E79} = {CCAFDDB1-0BD6-46EE-B9A1-A384D0FC003F}
		{5BA027F7-3CCA-4B94-B299-3A65DE45E891} = {CCAFDDB1-0BD6-46EE-B9A1-A384D0FC003F}
		{CD2B6170-0AB4-464D-A9CC-E4723F7713AF} = {CCAFDDB1-0BD6-46EE-B9A1-A384D0FC003F}
		{70578716-49ED-4690-8C28-F2324B323ED2} = {CCAFDDB1-0BD6-46EE-B9A1-A384D0FC003F}
		{2850D031-1F92-40A0-B63D-25969670CA06} = {CCAFDDB1-0BD6-46EE-B9A1-A384D0FC003F}
		{AA8446CE-3D5F-4554-BACB-99777AAF491A} = {DA07CBB8-854A-418C-B83B-23844873F66B}
		{4C197071-6B0D-47FF-BED2-F9C4FBC1AFB6} = {DA07CBB8-854A-418C-B83B-23844873F66B}
		{1A5F03F6-3A2F-44AE-9099-063B0170E808} = {DA07CBB8-854A-418C-B83B-23844873F66B}
		{E399FE2E-46E6-4999-92EE-BE74690CA5DB} = {DA07CBB8-854A-418C-B83B-23844873F66B}
		{C0F3A7B0-D381-411C-84C0-A1E9D0CB0A39} = {DA07CBB8-854A-418C-B83B-23844873F66B}
		{618C2958-DF16-4A87-9856-36670DDEA24E} = {DA07CBB8-854A-418C-B83B-23844873F66B}
		{F77CE76B-72B6-4381-A198-1A0294E2FE99} = {DA07CBB8-854A-418C-B83B-23844873F66B}
		{19C17FD5-B01E-40F7-AB27-8B3F3673E497} = {DA07CBB8-854A-418C-B83B-23844873F66B}
		{0749215D-1DCA-438A-B6D8-1F50B5C77E21} = {DA07CBB8-854A-418C-B83B-23844873F66B}
		{2259879D-E0CC-488B-80C8-1BFDC33E9D1E} = {DA07CBB8-854A-418C-B83B-23844873F66B}
		{35108B63-10D8-45D2-81A6-DE423BAB2A73} = {DA07CBB8-854A-418C-B83B-23844873F66B}
		{1D7EEC2E-A260-4A49-B9C0-7F5CE887936A} = {DA07CBB8-854A-418C-B83B-23844873F66B}
		{C924079C-E160-4FE3-8D0E-0F2D81186017} = {DA07CBB8-854A-418C-B83B-23844873F66B}
		{1B567E4D-FDA4-49A9-A155-895505E7E6D0} = {DA07CBB8-854A-418C-B83B-23844873F66B}
		{5039C314-5D36-4D49-8AE6-5067D97DCC6A} = {DA07CBB8-854A-418C-B83B-23844873F66B}
		{C18D84CA-16F4-4A20-BAB3-B6B0D6C481CC} = {458DF963-E38C-4013-B0E8-8933F21B894B}
		{30880F0C-80AF-4C99-9984-0CAD44FB0D40} = {458DF963-E38C-4013-B0E8-8933F21B894B}
		{08ED7304-410C-4BAB-A4C7-DC7B789E8AFF} = {458DF963-E38C-4013-B0E8-8933F21B894B}
		{27FE197F-C1D0-4BE6-881E-FBE0222F356C} = {458DF963-E38C-4013-B0E8-8933F21B894B}
		{98421E16-87C4-4E19-886B-0FB3900C4962} = {458DF963-E38C-4013-B0E8-8933F21B894B}
		{F5A9E83D-BC15-42C0-B7C9-65F6D2F029A1} = {458DF963-E38C-4013-B0E8-8933F21B894B}
		{544E4093-15F7-4C59-B6B4-D3D542F9F8EC} = {458DF963-E38C-4013-B0E8-8933F21B894B}
		{A8C4C68B-B6BE-4636-A0F9-E4B5A5F169CD} = {458DF963-E38C-4013-B0E8-8933F21B894B}
		{555155DB-244A-4978-9491-F0D16A13C6DB} = {458DF963-E38C-4013-B0E8-8933F21B894B}
		{229532B2-52C1-4C13-BE43-3CA7CD6D9189} = {458DF963-E38C-4013-B0E8-8933F21B894B}
		{6B361BC8-C961-4337-83B4-5D68FCA12D07} = {458DF963-E38C-4013-B0E8-8933F21B894B}
		{B2E97541-401D-4FB8-BDCE-95A436AC845E} = {458DF963-E38C-4013-B0E8-8933F21B894B}
		{488CEC52-99EA-41F2-BD07-123012600174} = {458DF963-E38C-4013-B0E8-8933F21B894B}
		{1C8320A7-D209-41F8-BFCD-AD9CCF284256} = {458DF963-E38C-4013-B0E8-8933F21B894B}
		{01CD65D6-A371-4DCE-B732-8683F76D9EB1} = {CF535809-988E-4A1B-8460-7543E2F290C9}
		{0898E969-9447-4C32-8195-02E92AE6D33D} = {3AB672B9-1FDE-40B1-AE3B-CE5A6FC71569}
		{5038F608-9C1B-4291-A493-4626D687E07B} = {3AB672B9-1FDE-40B1-AE3B-CE5A6FC71569}
		{5659A2E7-A510-475D-A79F-4DA5168FF9E7} = {CCAFDDB1-0BD6-46EE-B9A1-A384D0FC003F}
		{6787770B-636A-414C-AE4D-E0CACCF11D71} = {3AB672B9-1FDE-40B1-AE3B-CE5A6FC71569}
		{168861B6-488E-4ECD-B279-897AD1FB2EB8} = {3AB672B9-1FDE-40B1-AE3B-CE5A6FC71569}
		{29EF8228-BD00-4656-99E9-2A21BFE73CCE} = {3AB672B9-1FDE-40B1-AE3B-CE5A6FC71569}
		{F4931B34-C3F2-4780-8637-B5D29F0A2468} = {458DF963-E38C-4013-B0E8-8933F21B894B}
		{848A0A46-2B08-423C-847E-2B71191D8EA3} = {A064376C-B293-4824-8D23-96FE5166434B}
		{381D5D36-8BC0-4456-9DCB-7F61C253453F} = {A064376C-B293-4824-8D23-96FE5166434B}
		{0AA29BBC-9C4F-4C53-8E4D-B7860B328009} = {A064376C-B293-4824-8D23-96FE5166434B}
		{21B388CB-1CF5-4D3A-8327-7C00ABD86A11} = {A064376C-B293-4824-8D23-96FE5166434B}
		{C8F31A89-32F9-4021-92DB-F1DCDC358F79} = {DA07CBB8-854A-418C-B83B-23844873F66B}
		{44B46DDD-6044-4070-9874-BA7AC4086A71} = {A064376C-B293-4824-8D23-96FE5166434B}
		{FAFC92C8-73FF-47CA-B434-9BD57DAF90CD} = {A064376C-B293-4824-8D23-96FE5166434B}
		{D19F9942-6204-487C-BE02-BA5B410B27A9} = {A064376C-B293-4824-8D23-96FE5166434B}
		{4F3FE991-DB61-47BC-8199-2B376902A1F7} = {3AB672B9-1FDE-40B1-AE3B-CE5A6FC71569}
		{33F34475-1579-42F4-9F24-A662DD37208C} = {3AB672B9-1FDE-40B1-AE3B-CE5A6FC71569}
		{EB66C68A-346D-49B6-8377-3F54AFAE7177} = {A064376C-B293-4824-8D23-96FE5166434B}
		{6ADBD38B-1968-43EE-84DF-85BD817822A2} = {A064376C-B293-4824-8D23-96FE5166434B}
		{6D1B5BC1-D806-4745-BE64-B0D5E008DEA6} = {A064376C-B293-4824-8D23-96FE5166434B}
		{B7F2778A-F0D2-4B57-BF0D-C40594F2BE55} = {3AB672B9-1FDE-40B1-AE3B-CE5A6FC71569}
		{5F1C3B92-675F-4FA9-BBB2-42E6ED8C12FB} = {3AB672B9-1FDE-40B1-AE3B-CE5A6FC71569}
		{BEA4A975-38E0-4EDE-84D6-49180D1F3A30} = {CCAFDDB1-0BD6-46EE-B9A1-A384D0FC003F}
		{06880B32-BC99-45F0-BCBD-6858DAA2805D} = {3AB672B9-1FDE-40B1-AE3B-CE5A6FC71569}
		{FD0A63BD-2554-45D9-B781-6BF585543974} = {3AB672B9-1FDE-40B1-AE3B-CE5A6FC71569}
		{8F80228B-34EF-4BB8-A007-F0D4FCF2C332} = {3AB672B9-1FDE-40B1-AE3B-CE5A6FC71569}
		{38C5FD5E-FD0F-49A9-97BD-0AF00ABAA07D} = {3AB672B9-1FDE-40B1-AE3B-CE5A6FC71569}
		{DD91FD5E-88DB-43F7-AC6E-5794E416B6D1} = {98BC10F5-85FF-4A3A-B978-0E0B7E4383A6}
		{7751B3AD-2472-4811-AC2E-E3E5C4FCC56B} = {98BC10F5-85FF-4A3A-B978-0E0B7E4383A6}
		{6898E127-EF59-4B28-8CC4-E126FA6AB2EA} = {7314D35C-FD9B-4DDD-B807-B5E5F9F3F5A2}
		{410AA173-5609-4782-BAA5-77C8B30C2C1C} = {5CD165D8-285E-4DCE-B351-8018C23A2FAB}
		{2CEDDD54-F280-48BE-A19D-973AE11AD034} = {5CD165D8-285E-4DCE-B351-8018C23A2FAB}
		{436FAA7E-9A12-4CCA-9EE4-7AE8BE7B511D} = {458DF963-E38C-4013-B0E8-8933F21B894B}
		{81F8218B-6CEE-4BD5-BBDB-97BBA756ABB2} = {33B6AC20-FD8B-44AA-9ADA-94DBC8874CD6}
		{50B6E956-4C70-41F5-BDFB-0DFDFC6C7CAD} = {458DF963-E38C-4013-B0E8-8933F21B894B}
		{09FDCEB3-C309-4142-B8EA-22E6F72EFBD6} = {DA07CBB8-854A-418C-B83B-23844873F66B}
		{77B3BA43-3B4B-4C78-A518-405104FEC6A6} = {3AB672B9-1FDE-40B1-AE3B-CE5A6FC71569}
		{4DE5E643-83E4-4A47-84E0-ADAED970325B} = {DA07CBB8-854A-418C-B83B-23844873F66B}
		{37DF13E3-8634-4CC2-9DA6-5CCF2DCE5E3E} = {458DF963-E38C-4013-B0E8-8933F21B894B}
		{F0E7607F-D080-4D70-8A3D-5F25E36E0223} = {458DF963-E38C-4013-B0E8-8933F21B894B}
		{019F6B81-D20F-4AC5-A866-E84663594488} = {3AB672B9-1FDE-40B1-AE3B-CE5A6FC71569}
	EndGlobalSection
EndGlobal
