
Microsoft Visual Studio Solution File, Format Version 12.00
# Visual Studio Version 17
VisualStudioVersion = 17.5.33424.131
MinimumVisualStudioVersion = 10.0.40219.1
Project("{9A19103F-16F7-4668-BE54-9A1E7A4F7556}") = "Tervmintak", "Tervmintak.csproj", "{03ED2CB9-F9CF-4AEF-A113-0A8196B4B896}"
EndProject
Global
	GlobalSection(SolutionConfigurationPlatforms) = preSolution
		Debug|Any CPU = Debug|Any CPU
		Release|Any CPU = Release|Any CPU
	EndGlobalSection
	GlobalSection(ProjectConfigurationPlatforms) = postSolution
		{03ED2CB9-F9CF-4AEF-A113-0A8196B4B896}.Debug|Any CPU.ActiveCfg = Debug|Any CPU
		{03ED2CB9-F9CF-4AEF-A113-0A8196B4B896}.Debug|Any CPU.Build.0 = Debug|Any CPU
		{03ED2CB9-F9CF-4AEF-A113-0A8196B4B896}.Release|Any CPU.ActiveCfg = Release|Any CPU
		{03ED2CB9-F9CF-4AEF-A113-0A8196B4B896}.Release|Any CPU.Build.0 = Release|Any CPU
	EndGlobalSection
	GlobalSection(SolutionProperties) = preSolution
		HideSolutionNode = FALSE
	EndGlobalSection
	GlobalSection(ExtensibilityGlobals) = postSolution
		SolutionGuid = {D53CE4FB-4531-4642-8788-AE534FF0A843}
	EndGlobalSection
EndGlobal
