
Microsoft Visual Studio Solution File, Format Version 12.00
# Visual Studio Version 17
VisualStudioVersion = 17.0.31903.59
MinimumVisualStudioVersion = 10.0.40219.1
Project("{9A19103F-16F7-4668-BE54-9A1E7A4F7556}") = "Ipc.Common", "Ipc.Common\Ipc.Common.csproj", "{BEE8251E-779C-4654-9FAD-34EAD3F9AE60}"
EndProject
Project("{9A19103F-16F7-4668-BE54-9A1E7A4F7556}") = "Ipc.Client", "Ipc.Client\Ipc.Client.csproj", "{8CD01096-1831-4A28-B0EB-184B9B9DFA0F}"
EndProject
Project("{9A19103F-16F7-4668-BE54-9A1E7A4F7556}") = "Ipc.Server", "Ipc.Server\Ipc.Server.csproj", "{B0EBD947-2DA2-439F-877D-9E7A4E8452E9}"
EndProject
Global
	GlobalSection(SolutionConfigurationPlatforms) = preSolution
		Debug|Any CPU = Debug|Any CPU
		Release|Any CPU = Release|Any CPU
	EndGlobalSection
	GlobalSection(ProjectConfigurationPlatforms) = postSolution
		{BEE8251E-779C-4654-9FAD-34EAD3F9AE60}.Debug|Any CPU.ActiveCfg = Debug|Any CPU
		{BEE8251E-779C-4654-9FAD-34EAD3F9AE60}.Debug|Any CPU.Build.0 = Debug|Any CPU
		{BEE8251E-779C-4654-9FAD-34EAD3F9AE60}.Release|Any CPU.ActiveCfg = Release|Any CPU
		{BEE8251E-779C-4654-9FAD-34EAD3F9AE60}.Release|Any CPU.Build.0 = Release|Any CPU
		{8CD01096-1831-4A28-B0EB-184B9B9DFA0F}.Debug|Any CPU.ActiveCfg = Debug|Any CPU
		{8CD01096-1831-4A28-B0EB-184B9B9DFA0F}.Debug|Any CPU.Build.0 = Debug|Any CPU
		{8CD01096-1831-4A28-B0EB-184B9B9DFA0F}.Release|Any CPU.ActiveCfg = Release|Any CPU
		{8CD01096-1831-4A28-B0EB-184B9B9DFA0F}.Release|Any CPU.Build.0 = Release|Any CPU
		{B0EBD947-2DA2-439F-877D-9E7A4E8452E9}.Debug|Any CPU.ActiveCfg = Debug|Any CPU
		{B0EBD947-2DA2-439F-877D-9E7A4E8452E9}.Debug|Any CPU.Build.0 = Debug|Any CPU
		{B0EBD947-2DA2-439F-877D-9E7A4E8452E9}.Release|Any CPU.ActiveCfg = Release|Any CPU
		{B0EBD947-2DA2-439F-877D-9E7A4E8452E9}.Release|Any CPU.Build.0 = Release|Any CPU
	EndGlobalSection
	GlobalSection(SolutionProperties) = preSolution
		HideSolutionNode = FALSE
	EndGlobalSection
	GlobalSection(ExtensibilityGlobals) = postSolution
		SolutionGuid = {17EC9439-7749-4F90-903B-53D47CA6F2D6}
	EndGlobalSection
EndGlobal
