
Microsoft Visual Studio Solution File, Format Version 12.00
# Visual Studio Version 16
VisualStudioVersion = 16.0.28803.452
MinimumVisualStudioVersion = 10.0.40219.1
Project("{FAE04EC0-301F-11D3-BF4B-00C04F79EFBC}") = "SimpleIoC", "SimpleIoC\SimpleIoC.csproj", "{C8BAF7EC-EC2B-4EA6-8923-A9693168F1C1}"
EndProject
Project("{FAE04EC0-301F-11D3-BF4B-00C04F79EFBC}") = "SimpleIoC_pelda", "SimpleIoC_pelda\SimpleIoC_pelda.csproj", "{15419A2E-D1A4-4D45-95A8-065A177BDD10}"
EndProject
Global
	GlobalSection(SolutionConfigurationPlatforms) = preSolution
		Debug|Any CPU = Debug|Any CPU
		Release|Any CPU = Release|Any CPU
	EndGlobalSection
	GlobalSection(ProjectConfigurationPlatforms) = postSolution
		{C8BAF7EC-EC2B-4EA6-8923-A9693168F1C1}.Debug|Any CPU.ActiveCfg = Debug|Any CPU
		{C8BAF7EC-EC2B-4EA6-8923-A9693168F1C1}.Debug|Any CPU.Build.0 = Debug|Any CPU
		{C8BAF7EC-EC2B-4EA6-8923-A9693168F1C1}.Release|Any CPU.ActiveCfg = Release|Any CPU
		{C8BAF7EC-EC2B-4EA6-8923-A9693168F1C1}.Release|Any CPU.Build.0 = Release|Any CPU
		{15419A2E-D1A4-4D45-95A8-065A177BDD10}.Debug|Any CPU.ActiveCfg = Debug|Any CPU
		{15419A2E-D1A4-4D45-95A8-065A177BDD10}.Debug|Any CPU.Build.0 = Debug|Any CPU
		{15419A2E-D1A4-4D45-95A8-065A177BDD10}.Release|Any CPU.ActiveCfg = Release|Any CPU
		{15419A2E-D1A4-4D45-95A8-065A177BDD10}.Release|Any CPU.Build.0 = Release|Any CPU
	EndGlobalSection
	GlobalSection(SolutionProperties) = preSolution
		HideSolutionNode = FALSE
	EndGlobalSection
	GlobalSection(ExtensibilityGlobals) = postSolution
		SolutionGuid = {1CFC752B-1CE2-4B8F-9C88-0B349E2F0B32}
	EndGlobalSection
EndGlobal
