
Microsoft Visual Studio Solution File, Format Version 12.00
# Visual Studio Version 16
VisualStudioVersion = 16.0.28803.352
MinimumVisualStudioVersion = 10.0.40219.1
Project("{FAE04EC0-301F-11D3-BF4B-00C04F79EFBC}") = "pelda-netstd", "pelda-netstd\pelda-netstd.csproj", "{D76282AA-E6E4-433D-9690-E7BC03CB0AA9}"
EndProject
Global
	GlobalSection(SolutionConfigurationPlatforms) = preSolution
		Debug|Any CPU = Debug|Any CPU
		Release|Any CPU = Release|Any CPU
	EndGlobalSection
	GlobalSection(ProjectConfigurationPlatforms) = postSolution
		{D76282AA-E6E4-433D-9690-E7BC03CB0AA9}.Debug|Any CPU.ActiveCfg = Debug|Any CPU
		{D76282AA-E6E4-433D-9690-E7BC03CB0AA9}.Debug|Any CPU.Build.0 = Debug|Any CPU
		{D76282AA-E6E4-433D-9690-E7BC03CB0AA9}.Release|Any CPU.ActiveCfg = Release|Any CPU
		{D76282AA-E6E4-433D-9690-E7BC03CB0AA9}.Release|Any CPU.Build.0 = Release|Any CPU
	EndGlobalSection
	GlobalSection(SolutionProperties) = preSolution
		HideSolutionNode = FALSE
	EndGlobalSection
	GlobalSection(ExtensibilityGlobals) = postSolution
		SolutionGuid = {0324A35E-5C74-41C2-A9F8-4AD2C7FEA7B4}
	EndGlobalSection
EndGlobal
